
Microsoft Visual Studio Solution File, Format Version 12.00
# Visual Studio 15
Project("{FAE04EC0-301F-11D3-BF4B-00C04F79EFBC}") = "2D Genetic Locomotion Experiment", "2D Genetic Locomotion Experiment.csproj", "{DCF288AA-4129-4431-0EA5-469241AB0854}"
EndProject
Global
	GlobalSection(SolutionConfigurationPlatforms) = preSolution
		Debug|Any CPU = Debug|Any CPU
		Release|Any CPU = Release|Any CPU
	EndGlobalSection
	GlobalSection(ProjectConfigurationPlatforms) = postSolution
		{DCF288AA-4129-4431-0EA5-469241AB0854}.Debug|Any CPU.ActiveCfg = Debug|Any CPU
		{DCF288AA-4129-4431-0EA5-469241AB0854}.Debug|Any CPU.Build.0 = Debug|Any CPU
		{DCF288AA-4129-4431-0EA5-469241AB0854}.Release|Any CPU.ActiveCfg = Release|Any CPU
		{DCF288AA-4129-4431-0EA5-469241AB0854}.Release|Any CPU.Build.0 = Release|Any CPU
	EndGlobalSection
	GlobalSection(SolutionProperties) = preSolution
		HideSolutionNode = FALSE
	EndGlobalSection
EndGlobal
